
Microsoft Visual Studio Solution File, Format Version 12.00
# Visual Studio Version 16
VisualStudioVersion = 16.0.29613.14
MinimumVisualStudioVersion = 10.0.40219.1
Project("{FAE04EC0-301F-11D3-BF4B-00C04F79EFBC}") = "BasicInfrastructure", "BasicInfrastructure\BasicInfrastructure.csproj", "{37AE9C94-289A-4FFB-AC48-C42C8F736A11}"
EndProject
Global
	GlobalSection(SolutionConfigurationPlatforms) = preSolution
		Debug|Any CPU = Debug|Any CPU
		Release|Any CPU = Release|Any CPU
	EndGlobalSection
	GlobalSection(ProjectConfigurationPlatforms) = postSolution
		{37AE9C94-289A-4FFB-AC48-C42C8F736A11}.Debug|Any CPU.ActiveCfg = Debug|Any CPU
		{37AE9C94-289A-4FFB-AC48-C42C8F736A11}.Debug|Any CPU.Build.0 = Debug|Any CPU
		{37AE9C94-289A-4FFB-AC48-C42C8F736A11}.Release|Any CPU.ActiveCfg = Release|Any CPU
		{37AE9C94-289A-4FFB-AC48-C42C8F736A11}.Release|Any CPU.Build.0 = Release|Any CPU
	EndGlobalSection
	GlobalSection(SolutionProperties) = preSolution
		HideSolutionNode = FALSE
	EndGlobalSection
	GlobalSection(ExtensibilityGlobals) = postSolution
		SolutionGuid = {3AECFFD4-0CAA-4F12-B787-17B569CB153B}
	EndGlobalSection
EndGlobal
